
Microsoft Visual Studio Solution File, Format Version 12.00
# Visual Studio Version 17
VisualStudioVersion = 17.7.34202.233
MinimumVisualStudioVersion = 10.0.40219.1
Project("{FAE04EC0-301F-11D3-BF4B-00C04F79EFBC}") = "TelegramBot.ConsoleTest", "TelegramBot.ConsoleTest\TelegramBot.ConsoleTest.csproj", "{78FBF3FC-D72D-45DE-BDB3-C147346AD7D6}"
EndProject
Project("{9A19103F-16F7-4668-BE54-9A1E7A4F7556}") = "TelegramBot", "TelegramBot\TelegramBot.csproj", "{B58FAC8E-492D-45E2-8D24-4FE1B65E10AB}"
EndProject
Global
	GlobalSection(SolutionConfigurationPlatforms) = preSolution
		Debug|Any CPU = Debug|Any CPU
		Release|Any CPU = Release|Any CPU
	EndGlobalSection
	GlobalSection(ProjectConfigurationPlatforms) = postSolution
		{78FBF3FC-D72D-45DE-BDB3-C147346AD7D6}.Debug|Any CPU.ActiveCfg = Debug|Any CPU
		{78FBF3FC-D72D-45DE-BDB3-C147346AD7D6}.Debug|Any CPU.Build.0 = Debug|Any CPU
		{78FBF3FC-D72D-45DE-BDB3-C147346AD7D6}.Release|Any CPU.ActiveCfg = Release|Any CPU
		{78FBF3FC-D72D-45DE-BDB3-C147346AD7D6}.Release|Any CPU.Build.0 = Release|Any CPU
		{B58FAC8E-492D-45E2-8D24-4FE1B65E10AB}.Debug|Any CPU.ActiveCfg = Debug|Any CPU
		{B58FAC8E-492D-45E2-8D24-4FE1B65E10AB}.Debug|Any CPU.Build.0 = Debug|Any CPU
		{B58FAC8E-492D-45E2-8D24-4FE1B65E10AB}.Release|Any CPU.ActiveCfg = Release|Any CPU
		{B58FAC8E-492D-45E2-8D24-4FE1B65E10AB}.Release|Any CPU.Build.0 = Release|Any CPU
	EndGlobalSection
	GlobalSection(SolutionProperties) = preSolution
		HideSolutionNode = FALSE
	EndGlobalSection
	GlobalSection(ExtensibilityGlobals) = postSolution
		SolutionGuid = {326BD828-2995-4180-8201-3CE9CA8F92C5}
	EndGlobalSection
EndGlobal
